// !$*UTF8*$!
{
	archiveVersion = 1;
	classes = {
	};
	objectVersion = 56;
	objects = {

/* Begin PBXBuildFile section */
		26EA26EB0757D6F12BF0D836 /* Pods_SportsNews_IOS_Swift_SportsNews_IOS_SwiftUITests.framework in Frameworks */ = {isa = PBXBuildFile; fileRef = CDCC4B5A7B4A32282B8DE686 /* Pods_SportsNews_IOS_Swift_SportsNews_IOS_SwiftUITests.framework */; };
		37905F782DE9A2B70060ABA9 /* LeagueEventsView.storyboard in Resources */ = {isa = PBXBuildFile; fileRef = 37905F772DE9A2B70060ABA9 /* LeagueEventsView.storyboard */; };
		37905F7A2DE9A53D0060ABA9 /* LeagueEventsCollectionViewController.swift in Sources */ = {isa = PBXBuildFile; fileRef = 37905F792DE9A53D0060ABA9 /* LeagueEventsCollectionViewController.swift */; };
		37905F7D2DE9E0DC0060ABA9 /* FavoritesView.storyboard in Resources */ = {isa = PBXBuildFile; fileRef = 37905F7C2DE9E0DC0060ABA9 /* FavoritesView.storyboard */; };
		37905F7F2DE9E7170060ABA9 /* FavoritesViewController.swift in Sources */ = {isa = PBXBuildFile; fileRef = 37905F7E2DE9E7170060ABA9 /* FavoritesViewController.swift */; };
		37A3816D2DE6188800284384 /* HomeViewController.swift in Sources */ = {isa = PBXBuildFile; fileRef = 37A3816C2DE6188800284384 /* HomeViewController.swift */; };
		37B3278B2DE4D51A00C0B963 /* AppDelegate.swift in Sources */ = {isa = PBXBuildFile; fileRef = 37B3278A2DE4D51A00C0B963 /* AppDelegate.swift */; };
		37B3278D2DE4D51A00C0B963 /* SceneDelegate.swift in Sources */ = {isa = PBXBuildFile; fileRef = 37B3278C2DE4D51A00C0B963 /* SceneDelegate.swift */; };
		37B327922DE4D51A00C0B963 /* Main.storyboard in Resources */ = {isa = PBXBuildFile; fileRef = 37B327902DE4D51A00C0B963 /* Main.storyboard */; };
		37B327952DE4D51A00C0B963 /* SportsNews_IOS_Swift.xcdatamodeld in Sources */ = {isa = PBXBuildFile; fileRef = 37B327932DE4D51A00C0B963 /* SportsNews_IOS_Swift.xcdatamodeld */; };
		37B327972DE4D51E00C0B963 /* Assets.xcassets in Resources */ = {isa = PBXBuildFile; fileRef = 37B327962DE4D51E00C0B963 /* Assets.xcassets */; };
		37B3279A2DE4D51E00C0B963 /* LaunchScreen.storyboard in Resources */ = {isa = PBXBuildFile; fileRef = 37B327982DE4D51E00C0B963 /* LaunchScreen.storyboard */; };
		37B327A52DE4D51F00C0B963 /* SportsNews_IOS_SwiftTests.swift in Sources */ = {isa = PBXBuildFile; fileRef = 37B327A42DE4D51F00C0B963 /* SportsNews_IOS_SwiftTests.swift */; };
		37B327AF2DE4D51F00C0B963 /* SportsNews_IOS_SwiftUITests.swift in Sources */ = {isa = PBXBuildFile; fileRef = 37B327AE2DE4D51F00C0B963 /* SportsNews_IOS_SwiftUITests.swift */; };
		37B327B12DE4D51F00C0B963 /* SportsNews_IOS_SwiftUITestsLaunchTests.swift in Sources */ = {isa = PBXBuildFile; fileRef = 37B327B02DE4D51F00C0B963 /* SportsNews_IOS_SwiftUITestsLaunchTests.swift */; };
		37B41F012DE8999000DE4751 /* LeaguesTableViewController.swift in Sources */ = {isa = PBXBuildFile; fileRef = 37B41F002DE8999000DE4751 /* LeaguesTableViewController.swift */; };
		37CE4D852DEA6DA000B98572 /* NetworkService.swift in Sources */ = {isa = PBXBuildFile; fileRef = 37CE4D6F2DEA6DA000B98572 /* NetworkService.swift */; };
		37CE4D862DEA6DA000B98572 /* CricketResponse.swift in Sources */ = {isa = PBXBuildFile; fileRef = 37CE4D722DEA6DA000B98572 /* CricketResponse.swift */; };
		37CE4D872DEA6DA000B98572 /* Cricket.swift in Sources */ = {isa = PBXBuildFile; fileRef = 37CE4D732DEA6DA000B98572 /* Cricket.swift */; };
		37CE4D882DEA6DA000B98572 /* LeaguesDetails.swift in Sources */ = {isa = PBXBuildFile; fileRef = 37CE4D752DEA6DA000B98572 /* LeaguesDetails.swift */; };
		37CE4D892DEA6DA000B98572 /* LeaguesResponse.swift in Sources */ = {isa = PBXBuildFile; fileRef = 37CE4D762DEA6DA000B98572 /* LeaguesResponse.swift */; };
		37CE4D8A2DEA6DA000B98572 /* LeaguesDetailsResponse.swift in Sources */ = {isa = PBXBuildFile; fileRef = 37CE4D772DEA6DA000B98572 /* LeaguesDetailsResponse.swift */; };
		37CE4D8B2DEA6DA000B98572 /* League.swift in Sources */ = {isa = PBXBuildFile; fileRef = 37CE4D782DEA6DA000B98572 /* League.swift */; };
		37CE4D8C2DEA6DA000B98572 /* Basketball.swift in Sources */ = {isa = PBXBuildFile; fileRef = 37CE4D7A2DEA6DA000B98572 /* Basketball.swift */; };
		37CE4D8D2DEA6DA000B98572 /* BasketballResponse.swift in Sources */ = {isa = PBXBuildFile; fileRef = 37CE4D7B2DEA6DA000B98572 /* BasketballResponse.swift */; };
		37CE4D8E2DEA6DA000B98572 /* TeamResponse.swift in Sources */ = {isa = PBXBuildFile; fileRef = 37CE4D7D2DEA6DA000B98572 /* TeamResponse.swift */; };
		37CE4D8F2DEA6DA000B98572 /* Team.swift in Sources */ = {isa = PBXBuildFile; fileRef = 37CE4D7E2DEA6DA000B98572 /* Team.swift */; };
		37CE4D902DEA6DA000B98572 /* ErrorResponse.swift in Sources */ = {isa = PBXBuildFile; fileRef = 37CE4D7F2DEA6DA000B98572 /* ErrorResponse.swift */; };
		37CE4D912DEA6DA000B98572 /* Tennis.swift in Sources */ = {isa = PBXBuildFile; fileRef = 37CE4D812DEA6DA000B98572 /* Tennis.swift */; };
		37CE4D922DEA6DA000B98572 /* TennisResponse.swift in Sources */ = {isa = PBXBuildFile; fileRef = 37CE4D822DEA6DA000B98572 /* TennisResponse.swift */; };
		37CE4D932DEA6DA000B98572 /* EventsResponse.swift in Sources */ = {isa = PBXBuildFile; fileRef = 37CE4D842DEA6DA000B98572 /* EventsResponse.swift */; };
		37CE4D952DEAE92700B98572 /* NetworkServiceTest.swift in Sources */ = {isa = PBXBuildFile; fileRef = 37CE4D942DEAE92700B98572 /* NetworkServiceTest.swift */; };
		37CE4D992DEAF8AC00B98572 /* MockNetworkService.swift in Sources */ = {isa = PBXBuildFile; fileRef = 37CE4D982DEAF8AC00B98572 /* MockNetworkService.swift */; };
		37CE4D9B2DEAFAF000B98572 /* FakeNetwork.swift in Sources */ = {isa = PBXBuildFile; fileRef = 37CE4D9A2DEAFAF000B98572 /* FakeNetwork.swift */; };
		8A8882008FC142A476FEBD83 /* Pods_SportsNews_IOS_Swift.framework in Frameworks */ = {isa = PBXBuildFile; fileRef = 27E4DA228A47E509A8826830 /* Pods_SportsNews_IOS_Swift.framework */; };
		D712955159AA453A1B5B178D /* Pods_SportsNews_IOS_SwiftTests.framework in Frameworks */ = {isa = PBXBuildFile; fileRef = B7EEC5FC04787D590CFB4B40 /* Pods_SportsNews_IOS_SwiftTests.framework */; };
/* End PBXBuildFile section */

/* Begin PBXContainerItemProxy section */
		37B327A12DE4D51F00C0B963 /* PBXContainerItemProxy */ = {
			isa = PBXContainerItemProxy;
			containerPortal = 37B3277F2DE4D51A00C0B963 /* Project object */;
			proxyType = 1;
			remoteGlobalIDString = 37B327862DE4D51A00C0B963;
			remoteInfo = "SportsNews-IOS-Swift";
		};
		37B327AB2DE4D51F00C0B963 /* PBXContainerItemProxy */ = {
			isa = PBXContainerItemProxy;
			containerPortal = 37B3277F2DE4D51A00C0B963 /* Project object */;
			proxyType = 1;
			remoteGlobalIDString = 37B327862DE4D51A00C0B963;
			remoteInfo = "SportsNews-IOS-Swift";
		};
/* End PBXContainerItemProxy section */

/* Begin PBXFileReference section */
		062954AC410CCDFD7788954B /* Pods-SportsNews-IOS-Swift.debug.xcconfig */ = {isa = PBXFileReference; includeInIndex = 1; lastKnownFileType = text.xcconfig; name = "Pods-SportsNews-IOS-Swift.debug.xcconfig"; path = "Target Support Files/Pods-SportsNews-IOS-Swift/Pods-SportsNews-IOS-Swift.debug.xcconfig"; sourceTree = "<group>"; };
		27E4DA228A47E509A8826830 /* Pods_SportsNews_IOS_Swift.framework */ = {isa = PBXFileReference; explicitFileType = wrapper.framework; includeInIndex = 0; path = Pods_SportsNews_IOS_Swift.framework; sourceTree = BUILT_PRODUCTS_DIR; };
		37905F772DE9A2B70060ABA9 /* LeagueEventsView.storyboard */ = {isa = PBXFileReference; lastKnownFileType = file.storyboard; path = LeagueEventsView.storyboard; sourceTree = "<group>"; };
		37905F792DE9A53D0060ABA9 /* LeagueEventsCollectionViewController.swift */ = {isa = PBXFileReference; lastKnownFileType = sourcecode.swift; path = LeagueEventsCollectionViewController.swift; sourceTree = "<group>"; };
		37905F7C2DE9E0DC0060ABA9 /* FavoritesView.storyboard */ = {isa = PBXFileReference; lastKnownFileType = file.storyboard; path = FavoritesView.storyboard; sourceTree = "<group>"; };
		37905F7E2DE9E7170060ABA9 /* FavoritesViewController.swift */ = {isa = PBXFileReference; lastKnownFileType = sourcecode.swift; path = FavoritesViewController.swift; sourceTree = "<group>"; };
		37A3816C2DE6188800284384 /* HomeViewController.swift */ = {isa = PBXFileReference; lastKnownFileType = sourcecode.swift; path = HomeViewController.swift; sourceTree = "<group>"; };
		37B327872DE4D51A00C0B963 /* SportsNews-IOS-Swift.app */ = {isa = PBXFileReference; explicitFileType = wrapper.application; includeInIndex = 0; path = "SportsNews-IOS-Swift.app"; sourceTree = BUILT_PRODUCTS_DIR; };
		37B3278A2DE4D51A00C0B963 /* AppDelegate.swift */ = {isa = PBXFileReference; lastKnownFileType = sourcecode.swift; path = AppDelegate.swift; sourceTree = "<group>"; };
		37B3278C2DE4D51A00C0B963 /* SceneDelegate.swift */ = {isa = PBXFileReference; lastKnownFileType = sourcecode.swift; path = SceneDelegate.swift; sourceTree = "<group>"; };
		37B327912DE4D51A00C0B963 /* Base */ = {isa = PBXFileReference; lastKnownFileType = file.storyboard; name = Base; path = Base.lproj/Main.storyboard; sourceTree = "<group>"; };
		37B327942DE4D51A00C0B963 /* SportsNews_IOS_Swift.xcdatamodel */ = {isa = PBXFileReference; lastKnownFileType = wrapper.xcdatamodel; path = SportsNews_IOS_Swift.xcdatamodel; sourceTree = "<group>"; };
		37B327962DE4D51E00C0B963 /* Assets.xcassets */ = {isa = PBXFileReference; lastKnownFileType = folder.assetcatalog; path = Assets.xcassets; sourceTree = "<group>"; };
		37B327992DE4D51E00C0B963 /* Base */ = {isa = PBXFileReference; lastKnownFileType = file.storyboard; name = Base; path = Base.lproj/LaunchScreen.storyboard; sourceTree = "<group>"; };
		37B3279B2DE4D51E00C0B963 /* Info.plist */ = {isa = PBXFileReference; lastKnownFileType = text.plist.xml; path = Info.plist; sourceTree = "<group>"; };
		37B327A02DE4D51F00C0B963 /* SportsNews-IOS-SwiftTests.xctest */ = {isa = PBXFileReference; explicitFileType = wrapper.cfbundle; includeInIndex = 0; path = "SportsNews-IOS-SwiftTests.xctest"; sourceTree = BUILT_PRODUCTS_DIR; };
		37B327A42DE4D51F00C0B963 /* SportsNews_IOS_SwiftTests.swift */ = {isa = PBXFileReference; lastKnownFileType = sourcecode.swift; path = SportsNews_IOS_SwiftTests.swift; sourceTree = "<group>"; };
		37B327AA2DE4D51F00C0B963 /* SportsNews-IOS-SwiftUITests.xctest */ = {isa = PBXFileReference; explicitFileType = wrapper.cfbundle; includeInIndex = 0; path = "SportsNews-IOS-SwiftUITests.xctest"; sourceTree = BUILT_PRODUCTS_DIR; };
		37B327AE2DE4D51F00C0B963 /* SportsNews_IOS_SwiftUITests.swift */ = {isa = PBXFileReference; lastKnownFileType = sourcecode.swift; path = SportsNews_IOS_SwiftUITests.swift; sourceTree = "<group>"; };
		37B327B02DE4D51F00C0B963 /* SportsNews_IOS_SwiftUITestsLaunchTests.swift */ = {isa = PBXFileReference; lastKnownFileType = sourcecode.swift; path = SportsNews_IOS_SwiftUITestsLaunchTests.swift; sourceTree = "<group>"; };
		37B41F002DE8999000DE4751 /* LeaguesTableViewController.swift */ = {isa = PBXFileReference; lastKnownFileType = sourcecode.swift; path = LeaguesTableViewController.swift; sourceTree = "<group>"; };
		37CE4D6F2DEA6DA000B98572 /* NetworkService.swift */ = {isa = PBXFileReference; fileEncoding = 4; lastKnownFileType = sourcecode.swift; path = NetworkService.swift; sourceTree = "<group>"; };
		37CE4D722DEA6DA000B98572 /* CricketResponse.swift */ = {isa = PBXFileReference; fileEncoding = 4; lastKnownFileType = sourcecode.swift; path = CricketResponse.swift; sourceTree = "<group>"; };
		37CE4D732DEA6DA000B98572 /* Cricket.swift */ = {isa = PBXFileReference; fileEncoding = 4; lastKnownFileType = sourcecode.swift; path = Cricket.swift; sourceTree = "<group>"; };
		37CE4D752DEA6DA000B98572 /* LeaguesDetails.swift */ = {isa = PBXFileReference; fileEncoding = 4; lastKnownFileType = sourcecode.swift; path = LeaguesDetails.swift; sourceTree = "<group>"; };
		37CE4D762DEA6DA000B98572 /* LeaguesResponse.swift */ = {isa = PBXFileReference; fileEncoding = 4; lastKnownFileType = sourcecode.swift; path = LeaguesResponse.swift; sourceTree = "<group>"; };
		37CE4D772DEA6DA000B98572 /* LeaguesDetailsResponse.swift */ = {isa = PBXFileReference; fileEncoding = 4; lastKnownFileType = sourcecode.swift; path = LeaguesDetailsResponse.swift; sourceTree = "<group>"; };
		37CE4D782DEA6DA000B98572 /* League.swift */ = {isa = PBXFileReference; fileEncoding = 4; lastKnownFileType = sourcecode.swift; path = League.swift; sourceTree = "<group>"; };
		37CE4D7A2DEA6DA000B98572 /* Basketball.swift */ = {isa = PBXFileReference; fileEncoding = 4; lastKnownFileType = sourcecode.swift; path = Basketball.swift; sourceTree = "<group>"; };
		37CE4D7B2DEA6DA000B98572 /* BasketballResponse.swift */ = {isa = PBXFileReference; fileEncoding = 4; lastKnownFileType = sourcecode.swift; path = BasketballResponse.swift; sourceTree = "<group>"; };
		37CE4D7D2DEA6DA000B98572 /* TeamResponse.swift */ = {isa = PBXFileReference; fileEncoding = 4; lastKnownFileType = sourcecode.swift; path = TeamResponse.swift; sourceTree = "<group>"; };
		37CE4D7E2DEA6DA000B98572 /* Team.swift */ = {isa = PBXFileReference; fileEncoding = 4; lastKnownFileType = sourcecode.swift; path = Team.swift; sourceTree = "<group>"; };
		37CE4D7F2DEA6DA000B98572 /* ErrorResponse.swift */ = {isa = PBXFileReference; fileEncoding = 4; lastKnownFileType = sourcecode.swift; path = ErrorResponse.swift; sourceTree = "<group>"; };
		37CE4D812DEA6DA000B98572 /* Tennis.swift */ = {isa = PBXFileReference; fileEncoding = 4; lastKnownFileType = sourcecode.swift; path = Tennis.swift; sourceTree = "<group>"; };
		37CE4D822DEA6DA000B98572 /* TennisResponse.swift */ = {isa = PBXFileReference; fileEncoding = 4; lastKnownFileType = sourcecode.swift; path = TennisResponse.swift; sourceTree = "<group>"; };
		37CE4D842DEA6DA000B98572 /* EventsResponse.swift */ = {isa = PBXFileReference; fileEncoding = 4; lastKnownFileType = sourcecode.swift; path = EventsResponse.swift; sourceTree = "<group>"; };
		37CE4D942DEAE92700B98572 /* NetworkServiceTest.swift */ = {isa = PBXFileReference; lastKnownFileType = sourcecode.swift; path = NetworkServiceTest.swift; sourceTree = "<group>"; };
		37CE4D982DEAF8AC00B98572 /* MockNetworkService.swift */ = {isa = PBXFileReference; lastKnownFileType = sourcecode.swift; path = MockNetworkService.swift; sourceTree = "<group>"; };
		37CE4D9A2DEAFAF000B98572 /* FakeNetwork.swift */ = {isa = PBXFileReference; lastKnownFileType = sourcecode.swift; path = FakeNetwork.swift; sourceTree = "<group>"; };
		7234BEF3B4D4F9C20DBBC5A0 /* Pods-SportsNews-IOS-Swift-SportsNews-IOS-SwiftUITests.release.xcconfig */ = {isa = PBXFileReference; includeInIndex = 1; lastKnownFileType = text.xcconfig; name = "Pods-SportsNews-IOS-Swift-SportsNews-IOS-SwiftUITests.release.xcconfig"; path = "Target Support Files/Pods-SportsNews-IOS-Swift-SportsNews-IOS-SwiftUITests/Pods-SportsNews-IOS-Swift-SportsNews-IOS-SwiftUITests.release.xcconfig"; sourceTree = "<group>"; };
		B7EEC5FC04787D590CFB4B40 /* Pods_SportsNews_IOS_SwiftTests.framework */ = {isa = PBXFileReference; explicitFileType = wrapper.framework; includeInIndex = 0; path = Pods_SportsNews_IOS_SwiftTests.framework; sourceTree = BUILT_PRODUCTS_DIR; };
		CDCC4B5A7B4A32282B8DE686 /* Pods_SportsNews_IOS_Swift_SportsNews_IOS_SwiftUITests.framework */ = {isa = PBXFileReference; explicitFileType = wrapper.framework; includeInIndex = 0; path = Pods_SportsNews_IOS_Swift_SportsNews_IOS_SwiftUITests.framework; sourceTree = BUILT_PRODUCTS_DIR; };
		DA40357FBAE4229311E04BB3 /* Pods-SportsNews-IOS-Swift-SportsNews-IOS-SwiftUITests.debug.xcconfig */ = {isa = PBXFileReference; includeInIndex = 1; lastKnownFileType = text.xcconfig; name = "Pods-SportsNews-IOS-Swift-SportsNews-IOS-SwiftUITests.debug.xcconfig"; path = "Target Support Files/Pods-SportsNews-IOS-Swift-SportsNews-IOS-SwiftUITests/Pods-SportsNews-IOS-Swift-SportsNews-IOS-SwiftUITests.debug.xcconfig"; sourceTree = "<group>"; };
		DFBD152F2A422B8935A8D839 /* Pods-SportsNews-IOS-Swift.release.xcconfig */ = {isa = PBXFileReference; includeInIndex = 1; lastKnownFileType = text.xcconfig; name = "Pods-SportsNews-IOS-Swift.release.xcconfig"; path = "Target Support Files/Pods-SportsNews-IOS-Swift/Pods-SportsNews-IOS-Swift.release.xcconfig"; sourceTree = "<group>"; };
		EB8F6234B3216F5FA5FC6E6B /* Pods-SportsNews-IOS-SwiftTests.release.xcconfig */ = {isa = PBXFileReference; includeInIndex = 1; lastKnownFileType = text.xcconfig; name = "Pods-SportsNews-IOS-SwiftTests.release.xcconfig"; path = "Target Support Files/Pods-SportsNews-IOS-SwiftTests/Pods-SportsNews-IOS-SwiftTests.release.xcconfig"; sourceTree = "<group>"; };
		FC6844DE072919986A8D90F1 /* Pods-SportsNews-IOS-SwiftTests.debug.xcconfig */ = {isa = PBXFileReference; includeInIndex = 1; lastKnownFileType = text.xcconfig; name = "Pods-SportsNews-IOS-SwiftTests.debug.xcconfig"; path = "Target Support Files/Pods-SportsNews-IOS-SwiftTests/Pods-SportsNews-IOS-SwiftTests.debug.xcconfig"; sourceTree = "<group>"; };
/* End PBXFileReference section */

/* Begin PBXFrameworksBuildPhase section */
		37B327842DE4D51A00C0B963 /* Frameworks */ = {
			isa = PBXFrameworksBuildPhase;
			buildActionMask = 2147483647;
			files = (
				8A8882008FC142A476FEBD83 /* Pods_SportsNews_IOS_Swift.framework in Frameworks */,
			);
			runOnlyForDeploymentPostprocessing = 0;
		};
		37B3279D2DE4D51F00C0B963 /* Frameworks */ = {
			isa = PBXFrameworksBuildPhase;
			buildActionMask = 2147483647;
			files = (
				D712955159AA453A1B5B178D /* Pods_SportsNews_IOS_SwiftTests.framework in Frameworks */,
			);
			runOnlyForDeploymentPostprocessing = 0;
		};
		37B327A72DE4D51F00C0B963 /* Frameworks */ = {
			isa = PBXFrameworksBuildPhase;
			buildActionMask = 2147483647;
			files = (
				26EA26EB0757D6F12BF0D836 /* Pods_SportsNews_IOS_Swift_SportsNews_IOS_SwiftUITests.framework in Frameworks */,
			);
			runOnlyForDeploymentPostprocessing = 0;
		};
/* End PBXFrameworksBuildPhase section */

/* Begin PBXGroup section */
		37905F732DE9A1D90060ABA9 /* Model */ = {
			isa = PBXGroup;
			children = (
			);
			path = Model;
			sourceTree = "<group>";
		};
		37905F742DE9A20C0060ABA9 /* View */ = {
			isa = PBXGroup;
			children = (
				37905F762DE9A2230060ABA9 /* Controller */,
				37905F772DE9A2B70060ABA9 /* LeagueEventsView.storyboard */,
			);
			path = View;
			sourceTree = "<group>";
		};
		37905F752DE9A2140060ABA9 /* Presenter */ = {
			isa = PBXGroup;
			children = (
			);
			path = Presenter;
			sourceTree = "<group>";
		};
		37905F762DE9A2230060ABA9 /* Controller */ = {
			isa = PBXGroup;
			children = (
				37905F792DE9A53D0060ABA9 /* LeagueEventsCollectionViewController.swift */,
			);
			path = Controller;
			sourceTree = "<group>";
		};
		37905F7B2DE9E0720060ABA9 /* Controller */ = {
			isa = PBXGroup;
			children = (
				37905F7E2DE9E7170060ABA9 /* FavoritesViewController.swift */,
			);
			path = Controller;
			sourceTree = "<group>";
		};
		37A381622DE6156600284384 /* App */ = {
			isa = PBXGroup;
			children = (
				37B3278A2DE4D51A00C0B963 /* AppDelegate.swift */,
				37B3278C2DE4D51A00C0B963 /* SceneDelegate.swift */,
				37B327962DE4D51E00C0B963 /* Assets.xcassets */,
			);
			path = App;
			sourceTree = "<group>";
		};
		37A381632DE6159300284384 /* Features */ = {
			isa = PBXGroup;
			children = (
				37A3816B2DE616F000284384 /* ClubDetails */,
				37A3816A2DE616DC00284384 /* LeagueEvents */,
				37A381692DE616A000284384 /* LeaguesTable */,
				37A381682DE6165E00284384 /* Favorites */,
				37A381642DE6159E00284384 /* Home */,
			);
			path = Features;
			sourceTree = "<group>";
		};
		37A381642DE6159E00284384 /* Home */ = {
			isa = PBXGroup;
			children = (
				37A381672DE615BC00284384 /* Presenter */,
				37A381662DE615B200284384 /* View */,
				37A381652DE615A800284384 /* Model */,
			);
			path = Home;
			sourceTree = "<group>";
		};
		37A381652DE615A800284384 /* Model */ = {
			isa = PBXGroup;
			children = (
			);
			path = Model;
			sourceTree = "<group>";
		};
		37A381662DE615B200284384 /* View */ = {
			isa = PBXGroup;
			children = (
				37A3816C2DE6188800284384 /* HomeViewController.swift */,
			);
			path = View;
			sourceTree = "<group>";
		};
		37A381672DE615BC00284384 /* Presenter */ = {
			isa = PBXGroup;
			children = (
			);
			path = Presenter;
			sourceTree = "<group>";
		};
		37A381682DE6165E00284384 /* Favorites */ = {
			isa = PBXGroup;
			children = (
				37A381702DE61B7F00284384 /* Presenter */,
				37A3816F2DE61B7400284384 /* View */,
				37A3816E2DE61B6A00284384 /* Model */,
			);
			path = Favorites;
			sourceTree = "<group>";
		};
		37A381692DE616A000284384 /* LeaguesTable */ = {
			isa = PBXGroup;
			children = (
				37B41EFC2DE898C600DE4751 /* Presenter */,
				37B41EFB2DE898BE00DE4751 /* View */,
				37B41EFA2DE898B100DE4751 /* Model */,
			);
			path = LeaguesTable;
			sourceTree = "<group>";
		};
		37A3816A2DE616DC00284384 /* LeagueEvents */ = {
			isa = PBXGroup;
			children = (
				37905F752DE9A2140060ABA9 /* Presenter */,
				37905F742DE9A20C0060ABA9 /* View */,
				37905F732DE9A1D90060ABA9 /* Model */,
			);
			path = LeagueEvents;
			sourceTree = "<group>";
		};
		37A3816B2DE616F000284384 /* ClubDetails */ = {
			isa = PBXGroup;
			children = (
			);
			path = ClubDetails;
			sourceTree = "<group>";
		};
		37A3816E2DE61B6A00284384 /* Model */ = {
			isa = PBXGroup;
			children = (
			);
			path = Model;
			sourceTree = "<group>";
		};
		37A3816F2DE61B7400284384 /* View */ = {
			isa = PBXGroup;
			children = (
				37905F7B2DE9E0720060ABA9 /* Controller */,
				37905F7C2DE9E0DC0060ABA9 /* FavoritesView.storyboard */,
			);
			path = View;
			sourceTree = "<group>";
		};
		37A381702DE61B7F00284384 /* Presenter */ = {
			isa = PBXGroup;
			children = (
			);
			path = Presenter;
			sourceTree = "<group>";
		};
		37B3277E2DE4D51A00C0B963 = {
			isa = PBXGroup;
			children = (
				37B327892DE4D51A00C0B963 /* SportsNews-IOS-Swift */,
				37B327A32DE4D51F00C0B963 /* SportsNews-IOS-SwiftTests */,
				37B327AD2DE4D51F00C0B963 /* SportsNews-IOS-SwiftUITests */,
				37B327882DE4D51A00C0B963 /* Products */,
				84780FA61ADC4A5C5AD60852 /* Pods */,
				754FFBD8A933D748B1C055DF /* Frameworks */,
			);
			sourceTree = "<group>";
		};
		37B327882DE4D51A00C0B963 /* Products */ = {
			isa = PBXGroup;
			children = (
				37B327872DE4D51A00C0B963 /* SportsNews-IOS-Swift.app */,
				37B327A02DE4D51F00C0B963 /* SportsNews-IOS-SwiftTests.xctest */,
				37B327AA2DE4D51F00C0B963 /* SportsNews-IOS-SwiftUITests.xctest */,
			);
			name = Products;
			sourceTree = "<group>";
		};
		37B327892DE4D51A00C0B963 /* SportsNews-IOS-Swift */ = {
			isa = PBXGroup;
			children = (
				37CE4D6D2DEA6DA000B98572 /* Model */,
				37A381632DE6159300284384 /* Features */,
				37A381622DE6156600284384 /* App */,
				37B327902DE4D51A00C0B963 /* Main.storyboard */,
				37B327982DE4D51E00C0B963 /* LaunchScreen.storyboard */,
				37B3279B2DE4D51E00C0B963 /* Info.plist */,
				37B327932DE4D51A00C0B963 /* SportsNews_IOS_Swift.xcdatamodeld */,
			);
			path = "SportsNews-IOS-Swift";
			sourceTree = "<group>";
		};
		37B327A32DE4D51F00C0B963 /* SportsNews-IOS-SwiftTests */ = {
			isa = PBXGroup;
			children = (
				37B327A42DE4D51F00C0B963 /* SportsNews_IOS_SwiftTests.swift */,
				37CE4D942DEAE92700B98572 /* NetworkServiceTest.swift */,
				37CE4D982DEAF8AC00B98572 /* MockNetworkService.swift */,
				37CE4D9A2DEAFAF000B98572 /* FakeNetwork.swift */,
			);
			path = "SportsNews-IOS-SwiftTests";
			sourceTree = "<group>";
		};
		37B327AD2DE4D51F00C0B963 /* SportsNews-IOS-SwiftUITests */ = {
			isa = PBXGroup;
			children = (
				37B327AE2DE4D51F00C0B963 /* SportsNews_IOS_SwiftUITests.swift */,
				37B327B02DE4D51F00C0B963 /* SportsNews_IOS_SwiftUITestsLaunchTests.swift */,
			);
			path = "SportsNews-IOS-SwiftUITests";
			sourceTree = "<group>";
		};
		37B41EFA2DE898B100DE4751 /* Model */ = {
			isa = PBXGroup;
			children = (
			);
			path = Model;
			sourceTree = "<group>";
		};
		37B41EFB2DE898BE00DE4751 /* View */ = {
			isa = PBXGroup;
			children = (
				37B41EFF2DE8995900DE4751 /* Controller */,
			);
			path = View;
			sourceTree = "<group>";
		};
		37B41EFC2DE898C600DE4751 /* Presenter */ = {
			isa = PBXGroup;
			children = (
			);
			path = Presenter;
			sourceTree = "<group>";
		};
		37B41EFF2DE8995900DE4751 /* Controller */ = {
			isa = PBXGroup;
			children = (
				37B41F002DE8999000DE4751 /* LeaguesTableViewController.swift */,
			);
			path = Controller;
			sourceTree = "<group>";
		};
		37CE4D6D2DEA6DA000B98572 /* Model */ = {
			isa = PBXGroup;
			children = (
				37CE4D6E2DEA6DA000B98572 /* NetworkService */,
				37CE4D702DEA6DA000B98572 /* DataModel */,
			);
			name = Model;
			path = ../../../Model;
			sourceTree = "<group>";
		};
		37CE4D6E2DEA6DA000B98572 /* NetworkService */ = {
			isa = PBXGroup;
			children = (
				37CE4D6F2DEA6DA000B98572 /* NetworkService.swift */,
			);
			path = NetworkService;
			sourceTree = "<group>";
		};
		37CE4D702DEA6DA000B98572 /* DataModel */ = {
			isa = PBXGroup;
			children = (
				37CE4D712DEA6DA000B98572 /* Cricket */,
				37CE4D742DEA6DA000B98572 /* League */,
				37CE4D792DEA6DA000B98572 /* Basketball */,
				37CE4D7C2DEA6DA000B98572 /* Teams */,
				37CE4D7F2DEA6DA000B98572 /* ErrorResponse.swift */,
				37CE4D802DEA6DA000B98572 /* Tennis */,
				37CE4D832DEA6DA000B98572 /* events */,
			);
			path = DataModel;
			sourceTree = "<group>";
		};
		37CE4D712DEA6DA000B98572 /* Cricket */ = {
			isa = PBXGroup;
			children = (
				37CE4D722DEA6DA000B98572 /* CricketResponse.swift */,
				37CE4D732DEA6DA000B98572 /* Cricket.swift */,
			);
			path = Cricket;
			sourceTree = "<group>";
		};
		37CE4D742DEA6DA000B98572 /* League */ = {
			isa = PBXGroup;
			children = (
				37CE4D752DEA6DA000B98572 /* LeaguesDetails.swift */,
				37CE4D762DEA6DA000B98572 /* LeaguesResponse.swift */,
				37CE4D772DEA6DA000B98572 /* LeaguesDetailsResponse.swift */,
				37CE4D782DEA6DA000B98572 /* League.swift */,
			);
			path = League;
			sourceTree = "<group>";
		};
		37CE4D792DEA6DA000B98572 /* Basketball */ = {
			isa = PBXGroup;
			children = (
				37CE4D7A2DEA6DA000B98572 /* Basketball.swift */,
				37CE4D7B2DEA6DA000B98572 /* BasketballResponse.swift */,
			);
			path = Basketball;
			sourceTree = "<group>";
		};
		37CE4D7C2DEA6DA000B98572 /* Teams */ = {
			isa = PBXGroup;
			children = (
				37CE4D7D2DEA6DA000B98572 /* TeamResponse.swift */,
				37CE4D7E2DEA6DA000B98572 /* Team.swift */,
			);
			path = Teams;
			sourceTree = "<group>";
		};
		37CE4D802DEA6DA000B98572 /* Tennis */ = {
			isa = PBXGroup;
			children = (
				37CE4D812DEA6DA000B98572 /* Tennis.swift */,
				37CE4D822DEA6DA000B98572 /* TennisResponse.swift */,
			);
			path = Tennis;
			sourceTree = "<group>";
		};
		37CE4D832DEA6DA000B98572 /* events */ = {
			isa = PBXGroup;
			children = (
				37CE4D842DEA6DA000B98572 /* EventsResponse.swift */,
			);
			path = events;
			sourceTree = "<group>";
		};
		754FFBD8A933D748B1C055DF /* Frameworks */ = {
			isa = PBXGroup;
			children = (
				27E4DA228A47E509A8826830 /* Pods_SportsNews_IOS_Swift.framework */,
				CDCC4B5A7B4A32282B8DE686 /* Pods_SportsNews_IOS_Swift_SportsNews_IOS_SwiftUITests.framework */,
				B7EEC5FC04787D590CFB4B40 /* Pods_SportsNews_IOS_SwiftTests.framework */,
			);
			name = Frameworks;
			sourceTree = "<group>";
		};
		84780FA61ADC4A5C5AD60852 /* Pods */ = {
			isa = PBXGroup;
			children = (
				062954AC410CCDFD7788954B /* Pods-SportsNews-IOS-Swift.debug.xcconfig */,
				DFBD152F2A422B8935A8D839 /* Pods-SportsNews-IOS-Swift.release.xcconfig */,
				DA40357FBAE4229311E04BB3 /* Pods-SportsNews-IOS-Swift-SportsNews-IOS-SwiftUITests.debug.xcconfig */,
				7234BEF3B4D4F9C20DBBC5A0 /* Pods-SportsNews-IOS-Swift-SportsNews-IOS-SwiftUITests.release.xcconfig */,
				FC6844DE072919986A8D90F1 /* Pods-SportsNews-IOS-SwiftTests.debug.xcconfig */,
				EB8F6234B3216F5FA5FC6E6B /* Pods-SportsNews-IOS-SwiftTests.release.xcconfig */,
			);
			path = Pods;
			sourceTree = "<group>";
		};
/* End PBXGroup section */

/* Begin PBXNativeTarget section */
		37B327862DE4D51A00C0B963 /* SportsNews-IOS-Swift */ = {
			isa = PBXNativeTarget;
			buildConfigurationList = 37B327B42DE4D51F00C0B963 /* Build configuration list for PBXNativeTarget "SportsNews-IOS-Swift" */;
			buildPhases = (
				73A1C5596652FC42384E1872 /* [CP] Check Pods Manifest.lock */,
				37B327832DE4D51A00C0B963 /* Sources */,
				37B327842DE4D51A00C0B963 /* Frameworks */,
				37B327852DE4D51A00C0B963 /* Resources */,
				2A5BB442D109CD009A41C7DD /* [CP] Embed Pods Frameworks */,
			);
			buildRules = (
			);
			dependencies = (
			);
			name = "SportsNews-IOS-Swift";
			productName = "SportsNews-IOS-Swift";
			productReference = 37B327872DE4D51A00C0B963 /* SportsNews-IOS-Swift.app */;
			productType = "com.apple.product-type.application";
		};
		37B3279F2DE4D51F00C0B963 /* SportsNews-IOS-SwiftTests */ = {
			isa = PBXNativeTarget;
			buildConfigurationList = 37B327B72DE4D51F00C0B963 /* Build configuration list for PBXNativeTarget "SportsNews-IOS-SwiftTests" */;
			buildPhases = (
				60605592DB53836270027347 /* [CP] Check Pods Manifest.lock */,
				37B3279C2DE4D51F00C0B963 /* Sources */,
				37B3279D2DE4D51F00C0B963 /* Frameworks */,
				37B3279E2DE4D51F00C0B963 /* Resources */,
			);
			buildRules = (
			);
			dependencies = (
				37B327A22DE4D51F00C0B963 /* PBXTargetDependency */,
			);
			name = "SportsNews-IOS-SwiftTests";
			productName = "SportsNews-IOS-SwiftTests";
			productReference = 37B327A02DE4D51F00C0B963 /* SportsNews-IOS-SwiftTests.xctest */;
			productType = "com.apple.product-type.bundle.unit-test";
		};
		37B327A92DE4D51F00C0B963 /* SportsNews-IOS-SwiftUITests */ = {
			isa = PBXNativeTarget;
			buildConfigurationList = 37B327BA2DE4D51F00C0B963 /* Build configuration list for PBXNativeTarget "SportsNews-IOS-SwiftUITests" */;
			buildPhases = (
				B320E5BE5B4158EEA72BBC21 /* [CP] Check Pods Manifest.lock */,
				37B327A62DE4D51F00C0B963 /* Sources */,
				37B327A72DE4D51F00C0B963 /* Frameworks */,
				37B327A82DE4D51F00C0B963 /* Resources */,
				DF208F46A5DA47EA185F855D /* [CP] Embed Pods Frameworks */,
			);
			buildRules = (
			);
			dependencies = (
				37B327AC2DE4D51F00C0B963 /* PBXTargetDependency */,
			);
			name = "SportsNews-IOS-SwiftUITests";
			productName = "SportsNews-IOS-SwiftUITests";
			productReference = 37B327AA2DE4D51F00C0B963 /* SportsNews-IOS-SwiftUITests.xctest */;
			productType = "com.apple.product-type.bundle.ui-testing";
		};
/* End PBXNativeTarget section */

/* Begin PBXProject section */
		37B3277F2DE4D51A00C0B963 /* Project object */ = {
			isa = PBXProject;
			attributes = {
				BuildIndependentTargetsInParallel = 1;
				LastSwiftUpdateCheck = 1430;
				LastUpgradeCheck = 1430;
				TargetAttributes = {
					37B327862DE4D51A00C0B963 = {
						CreatedOnToolsVersion = 14.3.1;
					};
					37B3279F2DE4D51F00C0B963 = {
						CreatedOnToolsVersion = 14.3.1;
						TestTargetID = 37B327862DE4D51A00C0B963;
					};
					37B327A92DE4D51F00C0B963 = {
						CreatedOnToolsVersion = 14.3.1;
						TestTargetID = 37B327862DE4D51A00C0B963;
					};
				};
			};
			buildConfigurationList = 37B327822DE4D51A00C0B963 /* Build configuration list for PBXProject "SportsNews-IOS-Swift" */;
			compatibilityVersion = "Xcode 14.0";
			developmentRegion = en;
			hasScannedForEncodings = 0;
			knownRegions = (
				en,
				Base,
			);
			mainGroup = 37B3277E2DE4D51A00C0B963;
			productRefGroup = 37B327882DE4D51A00C0B963 /* Products */;
			projectDirPath = "";
			projectRoot = "";
			targets = (
				37B327862DE4D51A00C0B963 /* SportsNews-IOS-Swift */,
				37B3279F2DE4D51F00C0B963 /* SportsNews-IOS-SwiftTests */,
				37B327A92DE4D51F00C0B963 /* SportsNews-IOS-SwiftUITests */,
			);
		};
/* End PBXProject section */

/* Begin PBXResourcesBuildPhase section */
		37B327852DE4D51A00C0B963 /* Resources */ = {
			isa = PBXResourcesBuildPhase;
			buildActionMask = 2147483647;
			files = (
				37905F7D2DE9E0DC0060ABA9 /* FavoritesView.storyboard in Resources */,
				37B3279A2DE4D51E00C0B963 /* LaunchScreen.storyboard in Resources */,
				37905F782DE9A2B70060ABA9 /* LeagueEventsView.storyboard in Resources */,
				37B327972DE4D51E00C0B963 /* Assets.xcassets in Resources */,
				37B327922DE4D51A00C0B963 /* Main.storyboard in Resources */,
			);
			runOnlyForDeploymentPostprocessing = 0;
		};
		37B3279E2DE4D51F00C0B963 /* Resources */ = {
			isa = PBXResourcesBuildPhase;
			buildActionMask = 2147483647;
			files = (
			);
			runOnlyForDeploymentPostprocessing = 0;
		};
		37B327A82DE4D51F00C0B963 /* Resources */ = {
			isa = PBXResourcesBuildPhase;
			buildActionMask = 2147483647;
			files = (
			);
			runOnlyForDeploymentPostprocessing = 0;
		};
/* End PBXResourcesBuildPhase section */

/* Begin PBXShellScriptBuildPhase section */
		2A5BB442D109CD009A41C7DD /* [CP] Embed Pods Frameworks */ = {
			isa = PBXShellScriptBuildPhase;
			buildActionMask = 2147483647;
			files = (
			);
			inputFileListPaths = (
				"${PODS_ROOT}/Target Support Files/Pods-SportsNews-IOS-Swift/Pods-SportsNews-IOS-Swift-frameworks-${CONFIGURATION}-input-files.xcfilelist",
			);
			name = "[CP] Embed Pods Frameworks";
			outputFileListPaths = (
				"${PODS_ROOT}/Target Support Files/Pods-SportsNews-IOS-Swift/Pods-SportsNews-IOS-Swift-frameworks-${CONFIGURATION}-output-files.xcfilelist",
			);
			runOnlyForDeploymentPostprocessing = 0;
			shellPath = /bin/sh;
			shellScript = "\"${PODS_ROOT}/Target Support Files/Pods-SportsNews-IOS-Swift/Pods-SportsNews-IOS-Swift-frameworks.sh\"\n";
			showEnvVarsInLog = 0;
		};
		60605592DB53836270027347 /* [CP] Check Pods Manifest.lock */ = {
			isa = PBXShellScriptBuildPhase;
			buildActionMask = 2147483647;
			files = (
			);
			inputFileListPaths = (
			);
			inputPaths = (
				"${PODS_PODFILE_DIR_PATH}/Podfile.lock",
				"${PODS_ROOT}/Manifest.lock",
			);
			name = "[CP] Check Pods Manifest.lock";
			outputFileListPaths = (
			);
			outputPaths = (
				"$(DERIVED_FILE_DIR)/Pods-SportsNews-IOS-SwiftTests-checkManifestLockResult.txt",
			);
			runOnlyForDeploymentPostprocessing = 0;
			shellPath = /bin/sh;
			shellScript = "diff \"${PODS_PODFILE_DIR_PATH}/Podfile.lock\" \"${PODS_ROOT}/Manifest.lock\" > /dev/null\nif [ $? != 0 ] ; then\n    # print error to STDERR\n    echo \"error: The sandbox is not in sync with the Podfile.lock. Run 'pod install' or update your CocoaPods installation.\" >&2\n    exit 1\nfi\n# This output is used by Xcode 'outputs' to avoid re-running this script phase.\necho \"SUCCESS\" > \"${SCRIPT_OUTPUT_FILE_0}\"\n";
			showEnvVarsInLog = 0;
		};
		73A1C5596652FC42384E1872 /* [CP] Check Pods Manifest.lock */ = {
			isa = PBXShellScriptBuildPhase;
			buildActionMask = 2147483647;
			files = (
			);
			inputFileListPaths = (
			);
			inputPaths = (
				"${PODS_PODFILE_DIR_PATH}/Podfile.lock",
				"${PODS_ROOT}/Manifest.lock",
			);
			name = "[CP] Check Pods Manifest.lock";
			outputFileListPaths = (
			);
			outputPaths = (
				"$(DERIVED_FILE_DIR)/Pods-SportsNews-IOS-Swift-checkManifestLockResult.txt",
			);
			runOnlyForDeploymentPostprocessing = 0;
			shellPath = /bin/sh;
			shellScript = "diff \"${PODS_PODFILE_DIR_PATH}/Podfile.lock\" \"${PODS_ROOT}/Manifest.lock\" > /dev/null\nif [ $? != 0 ] ; then\n    # print error to STDERR\n    echo \"error: The sandbox is not in sync with the Podfile.lock. Run 'pod install' or update your CocoaPods installation.\" >&2\n    exit 1\nfi\n# This output is used by Xcode 'outputs' to avoid re-running this script phase.\necho \"SUCCESS\" > \"${SCRIPT_OUTPUT_FILE_0}\"\n";
			showEnvVarsInLog = 0;
		};
		B320E5BE5B4158EEA72BBC21 /* [CP] Check Pods Manifest.lock */ = {
			isa = PBXShellScriptBuildPhase;
			buildActionMask = 2147483647;
			files = (
			);
			inputFileListPaths = (
			);
			inputPaths = (
				"${PODS_PODFILE_DIR_PATH}/Podfile.lock",
				"${PODS_ROOT}/Manifest.lock",
			);
			name = "[CP] Check Pods Manifest.lock";
			outputFileListPaths = (
			);
			outputPaths = (
				"$(DERIVED_FILE_DIR)/Pods-SportsNews-IOS-Swift-SportsNews-IOS-SwiftUITests-checkManifestLockResult.txt",
			);
			runOnlyForDeploymentPostprocessing = 0;
			shellPath = /bin/sh;
			shellScript = "diff \"${PODS_PODFILE_DIR_PATH}/Podfile.lock\" \"${PODS_ROOT}/Manifest.lock\" > /dev/null\nif [ $? != 0 ] ; then\n    # print error to STDERR\n    echo \"error: The sandbox is not in sync with the Podfile.lock. Run 'pod install' or update your CocoaPods installation.\" >&2\n    exit 1\nfi\n# This output is used by Xcode 'outputs' to avoid re-running this script phase.\necho \"SUCCESS\" > \"${SCRIPT_OUTPUT_FILE_0}\"\n";
			showEnvVarsInLog = 0;
		};
		DF208F46A5DA47EA185F855D /* [CP] Embed Pods Frameworks */ = {
			isa = PBXShellScriptBuildPhase;
			buildActionMask = 2147483647;
			files = (
			);
			inputFileListPaths = (
				"${PODS_ROOT}/Target Support Files/Pods-SportsNews-IOS-Swift-SportsNews-IOS-SwiftUITests/Pods-SportsNews-IOS-Swift-SportsNews-IOS-SwiftUITests-frameworks-${CONFIGURATION}-input-files.xcfilelist",
			);
			name = "[CP] Embed Pods Frameworks";
			outputFileListPaths = (
				"${PODS_ROOT}/Target Support Files/Pods-SportsNews-IOS-Swift-SportsNews-IOS-SwiftUITests/Pods-SportsNews-IOS-Swift-SportsNews-IOS-SwiftUITests-frameworks-${CONFIGURATION}-output-files.xcfilelist",
			);
			runOnlyForDeploymentPostprocessing = 0;
			shellPath = /bin/sh;
			shellScript = "\"${PODS_ROOT}/Target Support Files/Pods-SportsNews-IOS-Swift-SportsNews-IOS-SwiftUITests/Pods-SportsNews-IOS-Swift-SportsNews-IOS-SwiftUITests-frameworks.sh\"\n";
			showEnvVarsInLog = 0;
		};
/* End PBXShellScriptBuildPhase section */

/* Begin PBXSourcesBuildPhase section */
		37B327832DE4D51A00C0B963 /* Sources */ = {
			isa = PBXSourcesBuildPhase;
			buildActionMask = 2147483647;
			files = (
				37CE4D8F2DEA6DA000B98572 /* Team.swift in Sources */,
				37CE4D8E2DEA6DA000B98572 /* TeamResponse.swift in Sources */,
				37CE4D8B2DEA6DA000B98572 /* League.swift in Sources */,
				37CE4D8A2DEA6DA000B98572 /* LeaguesDetailsResponse.swift in Sources */,
				37CE4D882DEA6DA000B98572 /* LeaguesDetails.swift in Sources */,
				37905F7A2DE9A53D0060ABA9 /* LeagueEventsCollectionViewController.swift in Sources */,
				37B41F012DE8999000DE4751 /* LeaguesTableViewController.swift in Sources */,
				37CE4D8C2DEA6DA000B98572 /* Basketball.swift in Sources */,
				37CE4D852DEA6DA000B98572 /* NetworkService.swift in Sources */,
				37CE4D8D2DEA6DA000B98572 /* BasketballResponse.swift in Sources */,
				37905F7F2DE9E7170060ABA9 /* FavoritesViewController.swift in Sources */,
				37A3816D2DE6188800284384 /* HomeViewController.swift in Sources */,
				37CE4D872DEA6DA000B98572 /* Cricket.swift in Sources */,
				37CE4D862DEA6DA000B98572 /* CricketResponse.swift in Sources */,
				37B327952DE4D51A00C0B963 /* SportsNews_IOS_Swift.xcdatamodeld in Sources */,
				37CE4D892DEA6DA000B98572 /* LeaguesResponse.swift in Sources */,
				37CE4D912DEA6DA000B98572 /* Tennis.swift in Sources */,
				37CE4D932DEA6DA000B98572 /* EventsResponse.swift in Sources */,
				37CE4D902DEA6DA000B98572 /* ErrorResponse.swift in Sources */,
				37B3278B2DE4D51A00C0B963 /* AppDelegate.swift in Sources */,
				37B3278D2DE4D51A00C0B963 /* SceneDelegate.swift in Sources */,
				37CE4D922DEA6DA000B98572 /* TennisResponse.swift in Sources */,
			);
			runOnlyForDeploymentPostprocessing = 0;
		};
		37B3279C2DE4D51F00C0B963 /* Sources */ = {
			isa = PBXSourcesBuildPhase;
			buildActionMask = 2147483647;
			files = (
				37CE4D992DEAF8AC00B98572 /* MockNetworkService.swift in Sources */,
				37CE4D9B2DEAFAF000B98572 /* FakeNetwork.swift in Sources */,
				37CE4D952DEAE92700B98572 /* NetworkServiceTest.swift in Sources */,
				37B327A52DE4D51F00C0B963 /* SportsNews_IOS_SwiftTests.swift in Sources */,
			);
			runOnlyForDeploymentPostprocessing = 0;
		};
		37B327A62DE4D51F00C0B963 /* Sources */ = {
			isa = PBXSourcesBuildPhase;
			buildActionMask = 2147483647;
			files = (
				37B327B12DE4D51F00C0B963 /* SportsNews_IOS_SwiftUITestsLaunchTests.swift in Sources */,
				37B327AF2DE4D51F00C0B963 /* SportsNews_IOS_SwiftUITests.swift in Sources */,
			);
			runOnlyForDeploymentPostprocessing = 0;
		};
/* End PBXSourcesBuildPhase section */

/* Begin PBXTargetDependency section */
		37B327A22DE4D51F00C0B963 /* PBXTargetDependency */ = {
			isa = PBXTargetDependency;
			target = 37B327862DE4D51A00C0B963 /* SportsNews-IOS-Swift */;
			targetProxy = 37B327A12DE4D51F00C0B963 /* PBXContainerItemProxy */;
		};
		37B327AC2DE4D51F00C0B963 /* PBXTargetDependency */ = {
			isa = PBXTargetDependency;
			target = 37B327862DE4D51A00C0B963 /* SportsNews-IOS-Swift */;
			targetProxy = 37B327AB2DE4D51F00C0B963 /* PBXContainerItemProxy */;
		};
/* End PBXTargetDependency section */

/* Begin PBXVariantGroup section */
		37B327902DE4D51A00C0B963 /* Main.storyboard */ = {
			isa = PBXVariantGroup;
			children = (
				37B327912DE4D51A00C0B963 /* Base */,
			);
			name = Main.storyboard;
			sourceTree = "<group>";
		};
		37B327982DE4D51E00C0B963 /* LaunchScreen.storyboard */ = {
			isa = PBXVariantGroup;
			children = (
				37B327992DE4D51E00C0B963 /* Base */,
			);
			name = LaunchScreen.storyboard;
			sourceTree = "<group>";
		};
/* End PBXVariantGroup section */

/* Begin XCBuildConfiguration section */
		37B327B22DE4D51F00C0B963 /* Debug */ = {
			isa = XCBuildConfiguration;
			buildSettings = {
				ALWAYS_SEARCH_USER_PATHS = NO;
				CLANG_ANALYZER_NONNULL = YES;
				CLANG_ANALYZER_NUMBER_OBJECT_CONVERSION = YES_AGGRESSIVE;
				CLANG_CXX_LANGUAGE_STANDARD = "gnu++20";
				CLANG_ENABLE_MODULES = YES;
				CLANG_ENABLE_OBJC_ARC = YES;
				CLANG_ENABLE_OBJC_WEAK = YES;
				CLANG_WARN_BLOCK_CAPTURE_AUTORELEASING = YES;
				CLANG_WARN_BOOL_CONVERSION = YES;
				CLANG_WARN_COMMA = YES;
				CLANG_WARN_CONSTANT_CONVERSION = YES;
				CLANG_WARN_DEPRECATED_OBJC_IMPLEMENTATIONS = YES;
				CLANG_WARN_DIRECT_OBJC_ISA_USAGE = YES_ERROR;
				CLANG_WARN_DOCUMENTATION_COMMENTS = YES;
				CLANG_WARN_EMPTY_BODY = YES;
				CLANG_WARN_ENUM_CONVERSION = YES;
				CLANG_WARN_INFINITE_RECURSION = YES;
				CLANG_WARN_INT_CONVERSION = YES;
				CLANG_WARN_NON_LITERAL_NULL_CONVERSION = YES;
				CLANG_WARN_OBJC_IMPLICIT_RETAIN_SELF = YES;
				CLANG_WARN_OBJC_LITERAL_CONVERSION = YES;
				CLANG_WARN_OBJC_ROOT_CLASS = YES_ERROR;
				CLANG_WARN_QUOTED_INCLUDE_IN_FRAMEWORK_HEADER = YES;
				CLANG_WARN_RANGE_LOOP_ANALYSIS = YES;
				CLANG_WARN_STRICT_PROTOTYPES = YES;
				CLANG_WARN_SUSPICIOUS_MOVE = YES;
				CLANG_WARN_UNGUARDED_AVAILABILITY = YES_AGGRESSIVE;
				CLANG_WARN_UNREACHABLE_CODE = YES;
				CLANG_WARN__DUPLICATE_METHOD_MATCH = YES;
				COPY_PHASE_STRIP = NO;
				DEBUG_INFORMATION_FORMAT = dwarf;
				ENABLE_STRICT_OBJC_MSGSEND = YES;
				ENABLE_TESTABILITY = YES;
				GCC_C_LANGUAGE_STANDARD = gnu11;
				GCC_DYNAMIC_NO_PIC = NO;
				GCC_NO_COMMON_BLOCKS = YES;
				GCC_OPTIMIZATION_LEVEL = 0;
				GCC_PREPROCESSOR_DEFINITIONS = (
					"DEBUG=1",
					"$(inherited)",
				);
				GCC_WARN_64_TO_32_BIT_CONVERSION = YES;
				GCC_WARN_ABOUT_RETURN_TYPE = YES_ERROR;
				GCC_WARN_UNDECLARED_SELECTOR = YES;
				GCC_WARN_UNINITIALIZED_AUTOS = YES_AGGRESSIVE;
				GCC_WARN_UNUSED_FUNCTION = YES;
				GCC_WARN_UNUSED_VARIABLE = YES;
				IPHONEOS_DEPLOYMENT_TARGET = 16.4;
				MTL_ENABLE_DEBUG_INFO = INCLUDE_SOURCE;
				MTL_FAST_MATH = YES;
				ONLY_ACTIVE_ARCH = YES;
				SDKROOT = iphoneos;
				SWIFT_ACTIVE_COMPILATION_CONDITIONS = DEBUG;
				SWIFT_OPTIMIZATION_LEVEL = "-Onone";
			};
			name = Debug;
		};
		37B327B32DE4D51F00C0B963 /* Release */ = {
			isa = XCBuildConfiguration;
			buildSettings = {
				ALWAYS_SEARCH_USER_PATHS = NO;
				CLANG_ANALYZER_NONNULL = YES;
				CLANG_ANALYZER_NUMBER_OBJECT_CONVERSION = YES_AGGRESSIVE;
				CLANG_CXX_LANGUAGE_STANDARD = "gnu++20";
				CLANG_ENABLE_MODULES = YES;
				CLANG_ENABLE_OBJC_ARC = YES;
				CLANG_ENABLE_OBJC_WEAK = YES;
				CLANG_WARN_BLOCK_CAPTURE_AUTORELEASING = YES;
				CLANG_WARN_BOOL_CONVERSION = YES;
				CLANG_WARN_COMMA = YES;
				CLANG_WARN_CONSTANT_CONVERSION = YES;
				CLANG_WARN_DEPRECATED_OBJC_IMPLEMENTATIONS = YES;
				CLANG_WARN_DIRECT_OBJC_ISA_USAGE = YES_ERROR;
				CLANG_WARN_DOCUMENTATION_COMMENTS = YES;
				CLANG_WARN_EMPTY_BODY = YES;
				CLANG_WARN_ENUM_CONVERSION = YES;
				CLANG_WARN_INFINITE_RECURSION = YES;
				CLANG_WARN_INT_CONVERSION = YES;
				CLANG_WARN_NON_LITERAL_NULL_CONVERSION = YES;
				CLANG_WARN_OBJC_IMPLICIT_RETAIN_SELF = YES;
				CLANG_WARN_OBJC_LITERAL_CONVERSION = YES;
				CLANG_WARN_OBJC_ROOT_CLASS = YES_ERROR;
				CLANG_WARN_QUOTED_INCLUDE_IN_FRAMEWORK_HEADER = YES;
				CLANG_WARN_RANGE_LOOP_ANALYSIS = YES;
				CLANG_WARN_STRICT_PROTOTYPES = YES;
				CLANG_WARN_SUSPICIOUS_MOVE = YES;
				CLANG_WARN_UNGUARDED_AVAILABILITY = YES_AGGRESSIVE;
				CLANG_WARN_UNREACHABLE_CODE = YES;
				CLANG_WARN__DUPLICATE_METHOD_MATCH = YES;
				COPY_PHASE_STRIP = NO;
				DEBUG_INFORMATION_FORMAT = "dwarf-with-dsym";
				ENABLE_NS_ASSERTIONS = NO;
				ENABLE_STRICT_OBJC_MSGSEND = YES;
				GCC_C_LANGUAGE_STANDARD = gnu11;
				GCC_NO_COMMON_BLOCKS = YES;
				GCC_WARN_64_TO_32_BIT_CONVERSION = YES;
				GCC_WARN_ABOUT_RETURN_TYPE = YES_ERROR;
				GCC_WARN_UNDECLARED_SELECTOR = YES;
				GCC_WARN_UNINITIALIZED_AUTOS = YES_AGGRESSIVE;
				GCC_WARN_UNUSED_FUNCTION = YES;
				GCC_WARN_UNUSED_VARIABLE = YES;
				IPHONEOS_DEPLOYMENT_TARGET = 16.4;
				MTL_ENABLE_DEBUG_INFO = NO;
				MTL_FAST_MATH = YES;
				SDKROOT = iphoneos;
				SWIFT_COMPILATION_MODE = wholemodule;
				SWIFT_OPTIMIZATION_LEVEL = "-O";
				VALIDATE_PRODUCT = YES;
			};
			name = Release;
		};
		37B327B52DE4D51F00C0B963 /* Debug */ = {
			isa = XCBuildConfiguration;
			baseConfigurationReference = 062954AC410CCDFD7788954B /* Pods-SportsNews-IOS-Swift.debug.xcconfig */;
			buildSettings = {
				ASSETCATALOG_COMPILER_APPICON_NAME = AppIcon;
				ASSETCATALOG_COMPILER_GLOBAL_ACCENT_COLOR_NAME = AccentColor;
				CODE_SIGN_STYLE = Automatic;
				CURRENT_PROJECT_VERSION = 1;
				GENERATE_INFOPLIST_FILE = YES;
				INFOPLIST_FILE = "SportsNews-IOS-Swift/Info.plist";
				INFOPLIST_KEY_UIApplicationSupportsIndirectInputEvents = YES;
				INFOPLIST_KEY_UILaunchStoryboardName = LaunchScreen;
				INFOPLIST_KEY_UIMainStoryboardFile = Main;
				INFOPLIST_KEY_UISupportedInterfaceOrientations_iPad = "UIInterfaceOrientationPortrait UIInterfaceOrientationPortraitUpsideDown UIInterfaceOrientationLandscapeLeft UIInterfaceOrientationLandscapeRight";
				INFOPLIST_KEY_UISupportedInterfaceOrientations_iPhone = "UIInterfaceOrientationPortrait UIInterfaceOrientationLandscapeLeft UIInterfaceOrientationLandscapeRight";
				LD_RUNPATH_SEARCH_PATHS = (
					"$(inherited)",
					"@executable_path/Frameworks",
				);
				MARKETING_VERSION = 1.0;
				PRODUCT_BUNDLE_IDENTIFIER = "ITI.SportsNews-IOS-Swift";
				PRODUCT_NAME = "$(TARGET_NAME)";
				SWIFT_EMIT_LOC_STRINGS = YES;
				SWIFT_VERSION = 5.0;
				TARGETED_DEVICE_FAMILY = "1,2";
			};
			name = Debug;
		};
		37B327B62DE4D51F00C0B963 /* Release */ = {
			isa = XCBuildConfiguration;
			baseConfigurationReference = DFBD152F2A422B8935A8D839 /* Pods-SportsNews-IOS-Swift.release.xcconfig */;
			buildSettings = {
				ASSETCATALOG_COMPILER_APPICON_NAME = AppIcon;
				ASSETCATALOG_COMPILER_GLOBAL_ACCENT_COLOR_NAME = AccentColor;
				CODE_SIGN_STYLE = Automatic;
				CURRENT_PROJECT_VERSION = 1;
				GENERATE_INFOPLIST_FILE = YES;
				INFOPLIST_FILE = "SportsNews-IOS-Swift/Info.plist";
				INFOPLIST_KEY_UIApplicationSupportsIndirectInputEvents = YES;
				INFOPLIST_KEY_UILaunchStoryboardName = LaunchScreen;
				INFOPLIST_KEY_UIMainStoryboardFile = Main;
				INFOPLIST_KEY_UISupportedInterfaceOrientations_iPad = "UIInterfaceOrientationPortrait UIInterfaceOrientationPortraitUpsideDown UIInterfaceOrientationLandscapeLeft UIInterfaceOrientationLandscapeRight";
				INFOPLIST_KEY_UISupportedInterfaceOrientations_iPhone = "UIInterfaceOrientationPortrait UIInterfaceOrientationLandscapeLeft UIInterfaceOrientationLandscapeRight";
				LD_RUNPATH_SEARCH_PATHS = (
					"$(inherited)",
					"@executable_path/Frameworks",
				);
				MARKETING_VERSION = 1.0;
				PRODUCT_BUNDLE_IDENTIFIER = "ITI.SportsNews-IOS-Swift";
				PRODUCT_NAME = "$(TARGET_NAME)";
				SWIFT_EMIT_LOC_STRINGS = YES;
				SWIFT_VERSION = 5.0;
				TARGETED_DEVICE_FAMILY = "1,2";
			};
			name = Release;
		};
		37B327B82DE4D51F00C0B963 /* Debug */ = {
			isa = XCBuildConfiguration;
			baseConfigurationReference = FC6844DE072919986A8D90F1 /* Pods-SportsNews-IOS-SwiftTests.debug.xcconfig */;
			buildSettings = {
				ALWAYS_EMBED_SWIFT_STANDARD_LIBRARIES = YES;
				BUNDLE_LOADER = "$(TEST_HOST)";
				CODE_SIGN_STYLE = Automatic;
				CURRENT_PROJECT_VERSION = 1;
				GENERATE_INFOPLIST_FILE = YES;
				IPHONEOS_DEPLOYMENT_TARGET = 16.4;
				MARKETING_VERSION = 1.0;
				PRODUCT_BUNDLE_IDENTIFIER = "ITI.SportsNews-IOS-SwiftTests";
				PRODUCT_NAME = "$(TARGET_NAME)";
				SWIFT_EMIT_LOC_STRINGS = NO;
				SWIFT_VERSION = 5.0;
				TARGETED_DEVICE_FAMILY = "1,2";
				TEST_HOST = "$(BUILT_PRODUCTS_DIR)/SportsNews-IOS-Swift.app/$(BUNDLE_EXECUTABLE_FOLDER_PATH)/SportsNews-IOS-Swift";
			};
			name = Debug;
		};
		37B327B92DE4D51F00C0B963 /* Release */ = {
			isa = XCBuildConfiguration;
			baseConfigurationReference = EB8F6234B3216F5FA5FC6E6B /* Pods-SportsNews-IOS-SwiftTests.release.xcconfig */;
			buildSettings = {
				ALWAYS_EMBED_SWIFT_STANDARD_LIBRARIES = YES;
				BUNDLE_LOADER = "$(TEST_HOST)";
				CODE_SIGN_STYLE = Automatic;
				CURRENT_PROJECT_VERSION = 1;
				GENERATE_INFOPLIST_FILE = YES;
				IPHONEOS_DEPLOYMENT_TARGET = 16.4;
				MARKETING_VERSION = 1.0;
				PRODUCT_BUNDLE_IDENTIFIER = "ITI.SportsNews-IOS-SwiftTests";
				PRODUCT_NAME = "$(TARGET_NAME)";
				SWIFT_EMIT_LOC_STRINGS = NO;
				SWIFT_VERSION = 5.0;
				TARGETED_DEVICE_FAMILY = "1,2";
				TEST_HOST = "$(BUILT_PRODUCTS_DIR)/SportsNews-IOS-Swift.app/$(BUNDLE_EXECUTABLE_FOLDER_PATH)/SportsNews-IOS-Swift";
			};
			name = Release;
		};
		37B327BB2DE4D51F00C0B963 /* Debug */ = {
			isa = XCBuildConfiguration;
			baseConfigurationReference = DA40357FBAE4229311E04BB3 /* Pods-SportsNews-IOS-Swift-SportsNews-IOS-SwiftUITests.debug.xcconfig */;
			buildSettings = {
				ALWAYS_EMBED_SWIFT_STANDARD_LIBRARIES = YES;
				CODE_SIGN_STYLE = Automatic;
				CURRENT_PROJECT_VERSION = 1;
				GENERATE_INFOPLIST_FILE = YES;
				MARKETING_VERSION = 1.0;
				PRODUCT_BUNDLE_IDENTIFIER = "ITI.SportsNews-IOS-SwiftUITests";
				PRODUCT_NAME = "$(TARGET_NAME)";
				SWIFT_EMIT_LOC_STRINGS = NO;
				SWIFT_VERSION = 5.0;
				TARGETED_DEVICE_FAMILY = "1,2";
				TEST_TARGET_NAME = "SportsNews-IOS-Swift";
			};
			name = Debug;
		};
		37B327BC2DE4D51F00C0B963 /* Release */ = {
			isa = XCBuildConfiguration;
			baseConfigurationReference = 7234BEF3B4D4F9C20DBBC5A0 /* Pods-SportsNews-IOS-Swift-SportsNews-IOS-SwiftUITests.release.xcconfig */;
			buildSettings = {
				ALWAYS_EMBED_SWIFT_STANDARD_LIBRARIES = YES;
				CODE_SIGN_STYLE = Automatic;
				CURRENT_PROJECT_VERSION = 1;
				GENERATE_INFOPLIST_FILE = YES;
				MARKETING_VERSION = 1.0;
				PRODUCT_BUNDLE_IDENTIFIER = "ITI.SportsNews-IOS-SwiftUITests";
				PRODUCT_NAME = "$(TARGET_NAME)";
				SWIFT_EMIT_LOC_STRINGS = NO;
				SWIFT_VERSION = 5.0;
				TARGETED_DEVICE_FAMILY = "1,2";
				TEST_TARGET_NAME = "SportsNews-IOS-Swift";
			};
			name = Release;
		};
/* End XCBuildConfiguration section */

/* Begin XCConfigurationList section */
		37B327822DE4D51A00C0B963 /* Build configuration list for PBXProject "SportsNews-IOS-Swift" */ = {
			isa = XCConfigurationList;
			buildConfigurations = (
				37B327B22DE4D51F00C0B963 /* Debug */,
				37B327B32DE4D51F00C0B963 /* Release */,
			);
			defaultConfigurationIsVisible = 0;
			defaultConfigurationName = Release;
		};
		37B327B42DE4D51F00C0B963 /* Build configuration list for PBXNativeTarget "SportsNews-IOS-Swift" */ = {
			isa = XCConfigurationList;
			buildConfigurations = (
				37B327B52DE4D51F00C0B963 /* Debug */,
				37B327B62DE4D51F00C0B963 /* Release */,
			);
			defaultConfigurationIsVisible = 0;
			defaultConfigurationName = Release;
		};
		37B327B72DE4D51F00C0B963 /* Build configuration list for PBXNativeTarget "SportsNews-IOS-SwiftTests" */ = {
			isa = XCConfigurationList;
			buildConfigurations = (
				37B327B82DE4D51F00C0B963 /* Debug */,
				37B327B92DE4D51F00C0B963 /* Release */,
			);
			defaultConfigurationIsVisible = 0;
			defaultConfigurationName = Release;
		};
		37B327BA2DE4D51F00C0B963 /* Build configuration list for PBXNativeTarget "SportsNews-IOS-SwiftUITests" */ = {
			isa = XCConfigurationList;
			buildConfigurations = (
				37B327BB2DE4D51F00C0B963 /* Debug */,
				37B327BC2DE4D51F00C0B963 /* Release */,
			);
			defaultConfigurationIsVisible = 0;
			defaultConfigurationName = Release;
		};
/* End XCConfigurationList section */

/* Begin XCVersionGroup section */
		37B327932DE4D51A00C0B963 /* SportsNews_IOS_Swift.xcdatamodeld */ = {
			isa = XCVersionGroup;
			children = (
				37B327942DE4D51A00C0B963 /* SportsNews_IOS_Swift.xcdatamodel */,
			);
			currentVersion = 37B327942DE4D51A00C0B963 /* SportsNews_IOS_Swift.xcdatamodel */;
			path = SportsNews_IOS_Swift.xcdatamodeld;
			sourceTree = "<group>";
			versionGroupType = wrapper.xcdatamodel;
		};
/* End XCVersionGroup section */
	};
	rootObject = 37B3277F2DE4D51A00C0B963 /* Project object */;
}
